// !$*UTF8*$!
{
	archiveVersion = 1;
	classes = {
	};
	objectVersion = 56;
	objects = {

/* Begin PBXBuildFile section */
		09EC349E2C26B3C400020FF8 /* AppDelegate.swift in Sources */ = {isa = PBXBuildFile; fileRef = 09EC349D2C26B3C400020FF8 /* AppDelegate.swift */; };
		09EC34A02C26B3C400020FF8 /* SceneDelegate.swift in Sources */ = {isa = PBXBuildFile; fileRef = 09EC349F2C26B3C400020FF8 /* SceneDelegate.swift */; };
		09EC34A22C26B3C400020FF8 /* ViewController.swift in Sources */ = {isa = PBXBuildFile; fileRef = 09EC34A12C26B3C400020FF8 /* ViewController.swift */; };
		09EC34A72C26B3C500020FF8 /* Assets.xcassets in Resources */ = {isa = PBXBuildFile; fileRef = 09EC34A62C26B3C500020FF8 /* Assets.xcassets */; };
		09EC34AA2C26B3C500020FF8 /* LaunchScreen.storyboard in Resources */ = {isa = PBXBuildFile; fileRef = 09EC34A82C26B3C500020FF8 /* LaunchScreen.storyboard */; };
		09EC34B52C26B3C500020FF8 /* STEWTests.swift in Sources */ = {isa = PBXBuildFile; fileRef = 09EC34B42C26B3C500020FF8 /* STEWTests.swift */; };
		09EC34BF2C26B3C500020FF8 /* STEWUITests.swift in Sources */ = {isa = PBXBuildFile; fileRef = 09EC34BE2C26B3C500020FF8 /* STEWUITests.swift */; };
		09EC34C12C26B3C500020FF8 /* STEWUITestsLaunchTests.swift in Sources */ = {isa = PBXBuildFile; fileRef = 09EC34C02C26B3C500020FF8 /* STEWUITestsLaunchTests.swift */; };
		09EC34CF2C26B98400020FF8 /* KakaoMapsSDK-SPM in Frameworks */ = {isa = PBXBuildFile; productRef = 09EC34CE2C26B98400020FF8 /* KakaoMapsSDK-SPM */; };
/* End PBXBuildFile section */

/* Begin PBXContainerItemProxy section */
		09EC34B12C26B3C500020FF8 /* PBXContainerItemProxy */ = {
			isa = PBXContainerItemProxy;
			containerPortal = 09EC34922C26B3C400020FF8 /* Project object */;
			proxyType = 1;
			remoteGlobalIDString = 09EC34992C26B3C400020FF8;
			remoteInfo = STEW;
		};
		09EC34BB2C26B3C500020FF8 /* PBXContainerItemProxy */ = {
			isa = PBXContainerItemProxy;
			containerPortal = 09EC34922C26B3C400020FF8 /* Project object */;
			proxyType = 1;
			remoteGlobalIDString = 09EC34992C26B3C400020FF8;
			remoteInfo = STEW;
		};
/* End PBXContainerItemProxy section */

/* Begin PBXFileReference section */
		09EC349A2C26B3C400020FF8 /* STEW.app */ = {isa = PBXFileReference; explicitFileType = wrapper.application; includeInIndex = 0; path = STEW.app; sourceTree = BUILT_PRODUCTS_DIR; };
		09EC349D2C26B3C400020FF8 /* AppDelegate.swift */ = {isa = PBXFileReference; lastKnownFileType = sourcecode.swift; path = AppDelegate.swift; sourceTree = "<group>"; };
		09EC349F2C26B3C400020FF8 /* SceneDelegate.swift */ = {isa = PBXFileReference; lastKnownFileType = sourcecode.swift; path = SceneDelegate.swift; sourceTree = "<group>"; };
		09EC34A12C26B3C400020FF8 /* ViewController.swift */ = {isa = PBXFileReference; lastKnownFileType = sourcecode.swift; path = ViewController.swift; sourceTree = "<group>"; };
		09EC34A62C26B3C500020FF8 /* Assets.xcassets */ = {isa = PBXFileReference; lastKnownFileType = folder.assetcatalog; path = Assets.xcassets; sourceTree = "<group>"; };
		09EC34A92C26B3C500020FF8 /* Base */ = {isa = PBXFileReference; lastKnownFileType = file.storyboard; name = Base; path = Base.lproj/LaunchScreen.storyboard; sourceTree = "<group>"; };
		09EC34AB2C26B3C500020FF8 /* Info.plist */ = {isa = PBXFileReference; lastKnownFileType = text.plist.xml; path = Info.plist; sourceTree = "<group>"; };
		09EC34B02C26B3C500020FF8 /* STEWTests.xctest */ = {isa = PBXFileReference; explicitFileType = wrapper.cfbundle; includeInIndex = 0; path = STEWTests.xctest; sourceTree = BUILT_PRODUCTS_DIR; };
		09EC34B42C26B3C500020FF8 /* STEWTests.swift */ = {isa = PBXFileReference; lastKnownFileType = sourcecode.swift; path = STEWTests.swift; sourceTree = "<group>"; };
		09EC34BA2C26B3C500020FF8 /* STEWUITests.xctest */ = {isa = PBXFileReference; explicitFileType = wrapper.cfbundle; includeInIndex = 0; path = STEWUITests.xctest; sourceTree = BUILT_PRODUCTS_DIR; };
		09EC34BE2C26B3C500020FF8 /* STEWUITests.swift */ = {isa = PBXFileReference; lastKnownFileType = sourcecode.swift; path = STEWUITests.swift; sourceTree = "<group>"; };
		09EC34C02C26B3C500020FF8 /* STEWUITestsLaunchTests.swift */ = {isa = PBXFileReference; lastKnownFileType = sourcecode.swift; path = STEWUITestsLaunchTests.swift; sourceTree = "<group>"; };
		09EC34D22C26C4EE00020FF8 /* Config.xcconfig */ = {isa = PBXFileReference; lastKnownFileType = text.xcconfig; path = Config.xcconfig; sourceTree = "<group>"; };
/* End PBXFileReference section */

/* Begin PBXFrameworksBuildPhase section */
		09EC34972C26B3C400020FF8 /* Frameworks */ = {
			isa = PBXFrameworksBuildPhase;
			buildActionMask = 2147483647;
			files = (
				09EC34CF2C26B98400020FF8 /* KakaoMapsSDK-SPM in Frameworks */,
			);
			runOnlyForDeploymentPostprocessing = 0;
		};
		09EC34AD2C26B3C500020FF8 /* Frameworks */ = {
			isa = PBXFrameworksBuildPhase;
			buildActionMask = 2147483647;
			files = (
			);
			runOnlyForDeploymentPostprocessing = 0;
		};
		09EC34B72C26B3C500020FF8 /* Frameworks */ = {
			isa = PBXFrameworksBuildPhase;
			buildActionMask = 2147483647;
			files = (
			);
			runOnlyForDeploymentPostprocessing = 0;
		};
/* End PBXFrameworksBuildPhase section */

/* Begin PBXGroup section */
		09EC34912C26B3C400020FF8 = {
			isa = PBXGroup;
			children = (
				09EC349C2C26B3C400020FF8 /* STEW */,
				09EC34B32C26B3C500020FF8 /* STEWTests */,
				09EC34BD2C26B3C500020FF8 /* STEWUITests */,
				09EC349B2C26B3C400020FF8 /* Products */,
			);
			sourceTree = "<group>";
		};
		09EC349B2C26B3C400020FF8 /* Products */ = {
			isa = PBXGroup;
			children = (
				09EC349A2C26B3C400020FF8 /* STEW.app */,
				09EC34B02C26B3C500020FF8 /* STEWTests.xctest */,
				09EC34BA2C26B3C500020FF8 /* STEWUITests.xctest */,
			);
			name = Products;
			sourceTree = "<group>";
		};
		09EC349C2C26B3C400020FF8 /* STEW */ = {
			isa = PBXGroup;
			children = (
				09EC349D2C26B3C400020FF8 /* AppDelegate.swift */,
				09EC34D22C26C4EE00020FF8 /* Config.xcconfig */,
				09EC349F2C26B3C400020FF8 /* SceneDelegate.swift */,
				09EC34A12C26B3C400020FF8 /* ViewController.swift */,
				09EC34A62C26B3C500020FF8 /* Assets.xcassets */,
				09EC34A82C26B3C500020FF8 /* LaunchScreen.storyboard */,
				09EC34AB2C26B3C500020FF8 /* Info.plist */,
			);
			path = STEW;
			sourceTree = "<group>";
		};
		09EC34B32C26B3C500020FF8 /* STEWTests */ = {
			isa = PBXGroup;
			children = (
				09EC34B42C26B3C500020FF8 /* STEWTests.swift */,
			);
			path = STEWTests;
			sourceTree = "<group>";
		};
		09EC34BD2C26B3C500020FF8 /* STEWUITests */ = {
			isa = PBXGroup;
			children = (
				09EC34BE2C26B3C500020FF8 /* STEWUITests.swift */,
				09EC34C02C26B3C500020FF8 /* STEWUITestsLaunchTests.swift */,
			);
			path = STEWUITests;
			sourceTree = "<group>";
		};
/* End PBXGroup section */

/* Begin PBXNativeTarget section */
		09EC34992C26B3C400020FF8 /* STEW */ = {
			isa = PBXNativeTarget;
			buildConfigurationList = 09EC34C42C26B3C500020FF8 /* Build configuration list for PBXNativeTarget "STEW" */;
			buildPhases = (
				09EC34962C26B3C400020FF8 /* Sources */,
				09EC34972C26B3C400020FF8 /* Frameworks */,
				09EC34982C26B3C400020FF8 /* Resources */,
			);
			buildRules = (
			);
			dependencies = (
			);
			name = STEW;
			packageProductDependencies = (
				09EC34CE2C26B98400020FF8 /* KakaoMapsSDK-SPM */,
			);
			productName = STEW;
			productReference = 09EC349A2C26B3C400020FF8 /* STEW.app */;
			productType = "com.apple.product-type.application";
		};
		09EC34AF2C26B3C500020FF8 /* STEWTests */ = {
			isa = PBXNativeTarget;
			buildConfigurationList = 09EC34C72C26B3C500020FF8 /* Build configuration list for PBXNativeTarget "STEWTests" */;
			buildPhases = (
				09EC34AC2C26B3C500020FF8 /* Sources */,
				09EC34AD2C26B3C500020FF8 /* Frameworks */,
				09EC34AE2C26B3C500020FF8 /* Resources */,
			);
			buildRules = (
			);
			dependencies = (
				09EC34B22C26B3C500020FF8 /* PBXTargetDependency */,
			);
			name = STEWTests;
			productName = STEWTests;
			productReference = 09EC34B02C26B3C500020FF8 /* STEWTests.xctest */;
			productType = "com.apple.product-type.bundle.unit-test";
		};
		09EC34B92C26B3C500020FF8 /* STEWUITests */ = {
			isa = PBXNativeTarget;
			buildConfigurationList = 09EC34CA2C26B3C500020FF8 /* Build configuration list for PBXNativeTarget "STEWUITests" */;
			buildPhases = (
				09EC34B62C26B3C500020FF8 /* Sources */,
				09EC34B72C26B3C500020FF8 /* Frameworks */,
				09EC34B82C26B3C500020FF8 /* Resources */,
			);
			buildRules = (
			);
			dependencies = (
				09EC34BC2C26B3C500020FF8 /* PBXTargetDependency */,
			);
			name = STEWUITests;
			productName = STEWUITests;
			productReference = 09EC34BA2C26B3C500020FF8 /* STEWUITests.xctest */;
			productType = "com.apple.product-type.bundle.ui-testing";
		};
/* End PBXNativeTarget section */

/* Begin PBXProject section */
		09EC34922C26B3C400020FF8 /* Project object */ = {
			isa = PBXProject;
			attributes = {
				BuildIndependentTargetsInParallel = 1;
				LastSwiftUpdateCheck = 1500;
				LastUpgradeCheck = 1500;
				TargetAttributes = {
					09EC34992C26B3C400020FF8 = {
						CreatedOnToolsVersion = 15.0.1;
					};
					09EC34AF2C26B3C500020FF8 = {
						CreatedOnToolsVersion = 15.0.1;
						TestTargetID = 09EC34992C26B3C400020FF8;
					};
					09EC34B92C26B3C500020FF8 = {
						CreatedOnToolsVersion = 15.0.1;
						TestTargetID = 09EC34992C26B3C400020FF8;
					};
				};
			};
			buildConfigurationList = 09EC34952C26B3C400020FF8 /* Build configuration list for PBXProject "STEW" */;
			compatibilityVersion = "Xcode 14.0";
			developmentRegion = en;
			hasScannedForEncodings = 0;
			knownRegions = (
				en,
				Base,
			);
			mainGroup = 09EC34912C26B3C400020FF8;
			packageReferences = (
				09EC34CD2C26B98400020FF8 /* XCRemoteSwiftPackageReference "KakaoMapsSDK-SPM" */,
			);
			productRefGroup = 09EC349B2C26B3C400020FF8 /* Products */;
			projectDirPath = "";
			projectRoot = "";
			targets = (
				09EC34992C26B3C400020FF8 /* STEW */,
				09EC34AF2C26B3C500020FF8 /* STEWTests */,
				09EC34B92C26B3C500020FF8 /* STEWUITests */,
			);
		};
/* End PBXProject section */

/* Begin PBXResourcesBuildPhase section */
		09EC34982C26B3C400020FF8 /* Resources */ = {
			isa = PBXResourcesBuildPhase;
			buildActionMask = 2147483647;
			files = (
				09EC34AA2C26B3C500020FF8 /* LaunchScreen.storyboard in Resources */,
				09EC34A72C26B3C500020FF8 /* Assets.xcassets in Resources */,
			);
			runOnlyForDeploymentPostprocessing = 0;
		};
		09EC34AE2C26B3C500020FF8 /* Resources */ = {
			isa = PBXResourcesBuildPhase;
			buildActionMask = 2147483647;
			files = (
			);
			runOnlyForDeploymentPostprocessing = 0;
		};
		09EC34B82C26B3C500020FF8 /* Resources */ = {
			isa = PBXResourcesBuildPhase;
			buildActionMask = 2147483647;
			files = (
			);
			runOnlyForDeploymentPostprocessing = 0;
		};
/* End PBXResourcesBuildPhase section */

/* Begin PBXSourcesBuildPhase section */
		09EC34962C26B3C400020FF8 /* Sources */ = {
			isa = PBXSourcesBuildPhase;
			buildActionMask = 2147483647;
			files = (
				09EC34A22C26B3C400020FF8 /* ViewController.swift in Sources */,
				09EC349E2C26B3C400020FF8 /* AppDelegate.swift in Sources */,
				09EC34A02C26B3C400020FF8 /* SceneDelegate.swift in Sources */,
			);
			runOnlyForDeploymentPostprocessing = 0;
		};
		09EC34AC2C26B3C500020FF8 /* Sources */ = {
			isa = PBXSourcesBuildPhase;
			buildActionMask = 2147483647;
			files = (
				09EC34B52C26B3C500020FF8 /* STEWTests.swift in Sources */,
			);
			runOnlyForDeploymentPostprocessing = 0;
		};
		09EC34B62C26B3C500020FF8 /* Sources */ = {
			isa = PBXSourcesBuildPhase;
			buildActionMask = 2147483647;
			files = (
				09EC34BF2C26B3C500020FF8 /* STEWUITests.swift in Sources */,
				09EC34C12C26B3C500020FF8 /* STEWUITestsLaunchTests.swift in Sources */,
			);
			runOnlyForDeploymentPostprocessing = 0;
		};
/* End PBXSourcesBuildPhase section */

/* Begin PBXTargetDependency section */
		09EC34B22C26B3C500020FF8 /* PBXTargetDependency */ = {
			isa = PBXTargetDependency;
			target = 09EC34992C26B3C400020FF8 /* STEW */;
			targetProxy = 09EC34B12C26B3C500020FF8 /* PBXContainerItemProxy */;
		};
		09EC34BC2C26B3C500020FF8 /* PBXTargetDependency */ = {
			isa = PBXTargetDependency;
			target = 09EC34992C26B3C400020FF8 /* STEW */;
			targetProxy = 09EC34BB2C26B3C500020FF8 /* PBXContainerItemProxy */;
		};
/* End PBXTargetDependency section */

/* Begin PBXVariantGroup section */
		09EC34A82C26B3C500020FF8 /* LaunchScreen.storyboard */ = {
			isa = PBXVariantGroup;
			children = (
				09EC34A92C26B3C500020FF8 /* Base */,
			);
			name = LaunchScreen.storyboard;
			sourceTree = "<group>";
		};
/* End PBXVariantGroup section */

/* Begin XCBuildConfiguration section */
		09EC34C22C26B3C500020FF8 /* Debug */ = {
			isa = XCBuildConfiguration;
			baseConfigurationReference = 09EC34D22C26C4EE00020FF8 /* Config.xcconfig */;
			buildSettings = {
				ALWAYS_SEARCH_USER_PATHS = NO;
				ASSETCATALOG_COMPILER_GENERATE_SWIFT_ASSET_SYMBOL_EXTENSIONS = YES;
				CLANG_ANALYZER_NONNULL = YES;
				CLANG_ANALYZER_NUMBER_OBJECT_CONVERSION = YES_AGGRESSIVE;
				CLANG_CXX_LANGUAGE_STANDARD = "gnu++20";
				CLANG_ENABLE_MODULES = YES;
				CLANG_ENABLE_OBJC_ARC = YES;
				CLANG_ENABLE_OBJC_WEAK = YES;
				CLANG_WARN_BLOCK_CAPTURE_AUTORELEASING = YES;
				CLANG_WARN_BOOL_CONVERSION = YES;
				CLANG_WARN_COMMA = YES;
				CLANG_WARN_CONSTANT_CONVERSION = YES;
				CLANG_WARN_DEPRECATED_OBJC_IMPLEMENTATIONS = YES;
				CLANG_WARN_DIRECT_OBJC_ISA_USAGE = YES_ERROR;
				CLANG_WARN_DOCUMENTATION_COMMENTS = YES;
				CLANG_WARN_EMPTY_BODY = YES;
				CLANG_WARN_ENUM_CONVERSION = YES;
				CLANG_WARN_INFINITE_RECURSION = YES;
				CLANG_WARN_INT_CONVERSION = YES;
				CLANG_WARN_NON_LITERAL_NULL_CONVERSION = YES;
				CLANG_WARN_OBJC_IMPLICIT_RETAIN_SELF = YES;
				CLANG_WARN_OBJC_LITERAL_CONVERSION = YES;
				CLANG_WARN_OBJC_ROOT_CLASS = YES_ERROR;
				CLANG_WARN_QUOTED_INCLUDE_IN_FRAMEWORK_HEADER = YES;
				CLANG_WARN_RANGE_LOOP_ANALYSIS = YES;
				CLANG_WARN_STRICT_PROTOTYPES = YES;
				CLANG_WARN_SUSPICIOUS_MOVE = YES;
				CLANG_WARN_UNGUARDED_AVAILABILITY = YES_AGGRESSIVE;
				CLANG_WARN_UNREACHABLE_CODE = YES;
				CLANG_WARN__DUPLICATE_METHOD_MATCH = YES;
				COPY_PHASE_STRIP = NO;
				DEBUG_INFORMATION_FORMAT = dwarf;
				ENABLE_STRICT_OBJC_MSGSEND = YES;
				ENABLE_TESTABILITY = YES;
				ENABLE_USER_SCRIPT_SANDBOXING = YES;
				GCC_C_LANGUAGE_STANDARD = gnu17;
				GCC_DYNAMIC_NO_PIC = NO;
				GCC_NO_COMMON_BLOCKS = YES;
				GCC_OPTIMIZATION_LEVEL = 0;
				GCC_PREPROCESSOR_DEFINITIONS = (
					"DEBUG=1",
					"$(inherited)",
				);
				GCC_WARN_64_TO_32_BIT_CONVERSION = YES;
				GCC_WARN_ABOUT_RETURN_TYPE = YES_ERROR;
				GCC_WARN_UNDECLARED_SELECTOR = YES;
				GCC_WARN_UNINITIALIZED_AUTOS = YES_AGGRESSIVE;
				GCC_WARN_UNUSED_FUNCTION = YES;
				GCC_WARN_UNUSED_VARIABLE = YES;
				IPHONEOS_DEPLOYMENT_TARGET = 17.0;
				LOCALIZATION_PREFERS_STRING_CATALOGS = YES;
				MTL_ENABLE_DEBUG_INFO = INCLUDE_SOURCE;
				MTL_FAST_MATH = YES;
				ONLY_ACTIVE_ARCH = YES;
				SDKROOT = iphoneos;
				SWIFT_ACTIVE_COMPILATION_CONDITIONS = "DEBUG $(inherited)";
				SWIFT_OPTIMIZATION_LEVEL = "-Onone";
			};
			name = Debug;
		};
		09EC34C32C26B3C500020FF8 /* Release */ = {
			isa = XCBuildConfiguration;
			baseConfigurationReference = 09EC34D22C26C4EE00020FF8 /* Config.xcconfig */;
			buildSettings = {
				ALWAYS_SEARCH_USER_PATHS = NO;
				ASSETCATALOG_COMPILER_GENERATE_SWIFT_ASSET_SYMBOL_EXTENSIONS = YES;
				CLANG_ANALYZER_NONNULL = YES;
				CLANG_ANALYZER_NUMBER_OBJECT_CONVERSION = YES_AGGRESSIVE;
				CLANG_CXX_LANGUAGE_STANDARD = "gnu++20";
				CLANG_ENABLE_MODULES = YES;
				CLANG_ENABLE_OBJC_ARC = YES;
				CLANG_ENABLE_OBJC_WEAK = YES;
				CLANG_WARN_BLOCK_CAPTURE_AUTORELEASING = YES;
				CLANG_WARN_BOOL_CONVERSION = YES;
				CLANG_WARN_COMMA = YES;
				CLANG_WARN_CONSTANT_CONVERSION = YES;
				CLANG_WARN_DEPRECATED_OBJC_IMPLEMENTATIONS = YES;
				CLANG_WARN_DIRECT_OBJC_ISA_USAGE = YES_ERROR;
				CLANG_WARN_DOCUMENTATION_COMMENTS = YES;
				CLANG_WARN_EMPTY_BODY = YES;
				CLANG_WARN_ENUM_CONVERSION = YES;
				CLANG_WARN_INFINITE_RECURSION = YES;
				CLANG_WARN_INT_CONVERSION = YES;
				CLANG_WARN_NON_LITERAL_NULL_CONVERSION = YES;
				CLANG_WARN_OBJC_IMPLICIT_RETAIN_SELF = YES;
				CLANG_WARN_OBJC_LITERAL_CONVERSION = YES;
				CLANG_WARN_OBJC_ROOT_CLASS = YES_ERROR;
				CLANG_WARN_QUOTED_INCLUDE_IN_FRAMEWORK_HEADER = YES;
				CLANG_WARN_RANGE_LOOP_ANALYSIS = YES;
				CLANG_WARN_STRICT_PROTOTYPES = YES;
				CLANG_WARN_SUSPICIOUS_MOVE = YES;
				CLANG_WARN_UNGUARDED_AVAILABILITY = YES_AGGRESSIVE;
				CLANG_WARN_UNREACHABLE_CODE = YES;
				CLANG_WARN__DUPLICATE_METHOD_MATCH = YES;
				COPY_PHASE_STRIP = NO;
				DEBUG_INFORMATION_FORMAT = "dwarf-with-dsym";
				ENABLE_NS_ASSERTIONS = NO;
				ENABLE_STRICT_OBJC_MSGSEND = YES;
				ENABLE_USER_SCRIPT_SANDBOXING = YES;
				GCC_C_LANGUAGE_STANDARD = gnu17;
				GCC_NO_COMMON_BLOCKS = YES;
				GCC_WARN_64_TO_32_BIT_CONVERSION = YES;
				GCC_WARN_ABOUT_RETURN_TYPE = YES_ERROR;
				GCC_WARN_UNDECLARED_SELECTOR = YES;
				GCC_WARN_UNINITIALIZED_AUTOS = YES_AGGRESSIVE;
				GCC_WARN_UNUSED_FUNCTION = YES;
				GCC_WARN_UNUSED_VARIABLE = YES;
				IPHONEOS_DEPLOYMENT_TARGET = 17.0;
				LOCALIZATION_PREFERS_STRING_CATALOGS = YES;
				MTL_ENABLE_DEBUG_INFO = NO;
				MTL_FAST_MATH = YES;
				SDKROOT = iphoneos;
				SWIFT_COMPILATION_MODE = wholemodule;
				VALIDATE_PRODUCT = YES;
			};
			name = Release;
		};
		09EC34C52C26B3C500020FF8 /* Debug */ = {
			isa = XCBuildConfiguration;
			buildSettings = {
				ASSETCATALOG_COMPILER_APPICON_NAME = AppIcon;
				ASSETCATALOG_COMPILER_GLOBAL_ACCENT_COLOR_NAME = AccentColor;
				CODE_SIGN_STYLE = Automatic;
				CURRENT_PROJECT_VERSION = 1;
				DEVELOPMENT_TEAM = N43T2G387M;
				GENERATE_INFOPLIST_FILE = YES;
				INFOPLIST_FILE = STEW/Info.plist;
				INFOPLIST_KEY_UIApplicationSupportsIndirectInputEvents = YES;
				INFOPLIST_KEY_UILaunchStoryboardName = LaunchScreen;
				INFOPLIST_KEY_UISupportedInterfaceOrientations_iPad = "UIInterfaceOrientationPortrait UIInterfaceOrientationPortraitUpsideDown UIInterfaceOrientationLandscapeLeft UIInterfaceOrientationLandscapeRight";
				INFOPLIST_KEY_UISupportedInterfaceOrientations_iPhone = "UIInterfaceOrientationPortrait UIInterfaceOrientationLandscapeLeft UIInterfaceOrientationLandscapeRight";
				LD_RUNPATH_SEARCH_PATHS = (
					"$(inherited)",
					"@executable_path/Frameworks",
				);
				MARKETING_VERSION = 1.0;
				PRODUCT_BUNDLE_IDENTIFIER = com.RealFry.STEW;
				PRODUCT_NAME = "$(TARGET_NAME)";
				SWIFT_EMIT_LOC_STRINGS = YES;
				SWIFT_VERSION = 5.0;
				TARGETED_DEVICE_FAMILY = "1,2";
			};
			name = Debug;
		};
		09EC34C62C26B3C500020FF8 /* Release */ = {
			isa = XCBuildConfiguration;
			buildSettings = {
				ASSETCATALOG_COMPILER_APPICON_NAME = AppIcon;
				ASSETCATALOG_COMPILER_GLOBAL_ACCENT_COLOR_NAME = AccentColor;
				CODE_SIGN_STYLE = Automatic;
				CURRENT_PROJECT_VERSION = 1;
				DEVELOPMENT_TEAM = N43T2G387M;
				GENERATE_INFOPLIST_FILE = YES;
				INFOPLIST_FILE = STEW/Info.plist;
				INFOPLIST_KEY_UIApplicationSupportsIndirectInputEvents = YES;
				INFOPLIST_KEY_UILaunchStoryboardName = LaunchScreen;
				INFOPLIST_KEY_UISupportedInterfaceOrientations_iPad = "UIInterfaceOrientationPortrait UIInterfaceOrientationPortraitUpsideDown UIInterfaceOrientationLandscapeLeft UIInterfaceOrientationLandscapeRight";
				INFOPLIST_KEY_UISupportedInterfaceOrientations_iPhone = "UIInterfaceOrientationPortrait UIInterfaceOrientationLandscapeLeft UIInterfaceOrientationLandscapeRight";
				LD_RUNPATH_SEARCH_PATHS = (
					"$(inherited)",
					"@executable_path/Frameworks",
				);
				MARKETING_VERSION = 1.0;
				PRODUCT_BUNDLE_IDENTIFIER = com.RealFry.STEW;
				PRODUCT_NAME = "$(TARGET_NAME)";
				SWIFT_EMIT_LOC_STRINGS = YES;
				SWIFT_VERSION = 5.0;
				TARGETED_DEVICE_FAMILY = "1,2";
			};
			name = Release;
		};
		09EC34C82C26B3C500020FF8 /* Debug */ = {
			isa = XCBuildConfiguration;
			buildSettings = {
				ALWAYS_EMBED_SWIFT_STANDARD_LIBRARIES = YES;
				BUNDLE_LOADER = "$(TEST_HOST)";
				CODE_SIGN_STYLE = Automatic;
				CURRENT_PROJECT_VERSION = 1;
				DEVELOPMENT_TEAM = N43T2G387M;
				GENERATE_INFOPLIST_FILE = YES;
				IPHONEOS_DEPLOYMENT_TARGET = 17.0;
				MARKETING_VERSION = 1.0;
				PRODUCT_BUNDLE_IDENTIFIER = woongaaaa.STEWTests;
				PRODUCT_NAME = "$(TARGET_NAME)";
				SWIFT_EMIT_LOC_STRINGS = NO;
				SWIFT_VERSION = 5.0;
				TARGETED_DEVICE_FAMILY = "1,2";
				TEST_HOST = "$(BUILT_PRODUCTS_DIR)/STEW.app/$(BUNDLE_EXECUTABLE_FOLDER_PATH)/STEW";
			};
			name = Debug;
		};
		09EC34C92C26B3C500020FF8 /* Release */ = {
			isa = XCBuildConfiguration;
			buildSettings = {
				ALWAYS_EMBED_SWIFT_STANDARD_LIBRARIES = YES;
				BUNDLE_LOADER = "$(TEST_HOST)";
				CODE_SIGN_STYLE = Automatic;
				CURRENT_PROJECT_VERSION = 1;
				DEVELOPMENT_TEAM = N43T2G387M;
				GENERATE_INFOPLIST_FILE = YES;
				IPHONEOS_DEPLOYMENT_TARGET = 17.0;
				MARKETING_VERSION = 1.0;
				PRODUCT_BUNDLE_IDENTIFIER = woongaaaa.STEWTests;
				PRODUCT_NAME = "$(TARGET_NAME)";
				SWIFT_EMIT_LOC_STRINGS = NO;
				SWIFT_VERSION = 5.0;
				TARGETED_DEVICE_FAMILY = "1,2";
				TEST_HOST = "$(BUILT_PRODUCTS_DIR)/STEW.app/$(BUNDLE_EXECUTABLE_FOLDER_PATH)/STEW";
			};
			name = Release;
		};
		09EC34CB2C26B3C500020FF8 /* Debug */ = {
			isa = XCBuildConfiguration;
			buildSettings = {
				ALWAYS_EMBED_SWIFT_STANDARD_LIBRARIES = YES;
				CODE_SIGN_STYLE = Automatic;
				CURRENT_PROJECT_VERSION = 1;
				DEVELOPMENT_TEAM = N43T2G387M;
				GENERATE_INFOPLIST_FILE = YES;
				MARKETING_VERSION = 1.0;
				PRODUCT_BUNDLE_IDENTIFIER = woongaaaa.STEWUITests;
				PRODUCT_NAME = "$(TARGET_NAME)";
				SWIFT_EMIT_LOC_STRINGS = NO;
				SWIFT_VERSION = 5.0;
				TARGETED_DEVICE_FAMILY = "1,2";
				TEST_TARGET_NAME = STEW;
			};
			name = Debug;
		};
		09EC34CC2C26B3C500020FF8 /* Release */ = {
			isa = XCBuildConfiguration;
			buildSettings = {
				ALWAYS_EMBED_SWIFT_STANDARD_LIBRARIES = YES;
				CODE_SIGN_STYLE = Automatic;
				CURRENT_PROJECT_VERSION = 1;
				DEVELOPMENT_TEAM = N43T2G387M;
				GENERATE_INFOPLIST_FILE = YES;
				MARKETING_VERSION = 1.0;
				PRODUCT_BUNDLE_IDENTIFIER = woongaaaa.STEWUITests;
				PRODUCT_NAME = "$(TARGET_NAME)";
				SWIFT_EMIT_LOC_STRINGS = NO;
				SWIFT_VERSION = 5.0;
				TARGETED_DEVICE_FAMILY = "1,2";
				TEST_TARGET_NAME = STEW;
			};
			name = Release;
		};
/* End XCBuildConfiguration section */

/* Begin XCConfigurationList section */
		09EC34952C26B3C400020FF8 /* Build configuration list for PBXProject "STEW" */ = {
			isa = XCConfigurationList;
			buildConfigurations = (
				09EC34C22C26B3C500020FF8 /* Debug */,
				09EC34C32C26B3C500020FF8 /* Release */,
			);
			defaultConfigurationIsVisible = 0;
			defaultConfigurationName = Release;
		};
		09EC34C42C26B3C500020FF8 /* Build configuration list for PBXNativeTarget "STEW" */ = {
			isa = XCConfigurationList;
			buildConfigurations = (
				09EC34C52C26B3C500020FF8 /* Debug */,
				09EC34C62C26B3C500020FF8 /* Release */,
			);
			defaultConfigurationIsVisible = 0;
			defaultConfigurationName = Release;
		};
		09EC34C72C26B3C500020FF8 /* Build configuration list for PBXNativeTarget "STEWTests" */ = {
			isa = XCConfigurationList;
			buildConfigurations = (
				09EC34C82C26B3C500020FF8 /* Debug */,
				09EC34C92C26B3C500020FF8 /* Release */,
			);
			defaultConfigurationIsVisible = 0;
			defaultConfigurationName = Release;
		};
		09EC34CA2C26B3C500020FF8 /* Build configuration list for PBXNativeTarget "STEWUITests" */ = {
			isa = XCConfigurationList;
			buildConfigurations = (
				09EC34CB2C26B3C500020FF8 /* Debug */,
				09EC34CC2C26B3C500020FF8 /* Release */,
			);
			defaultConfigurationIsVisible = 0;
			defaultConfigurationName = Release;
		};
/* End XCConfigurationList section */

/* Begin XCRemoteSwiftPackageReference section */
		09EC34CD2C26B98400020FF8 /* XCRemoteSwiftPackageReference "KakaoMapsSDK-SPM" */ = {
			isa = XCRemoteSwiftPackageReference;
			repositoryURL = "https://github.com/kakao-mapsSDK/KakaoMapsSDK-SPM.git";
			requirement = {
				kind = upToNextMajorVersion;
				minimumVersion = 2.10.5;
			};
		};
/* End XCRemoteSwiftPackageReference section */

/* Begin XCSwiftPackageProductDependency section */
		09EC34CE2C26B98400020FF8 /* KakaoMapsSDK-SPM */ = {
			isa = XCSwiftPackageProductDependency;
			package = 09EC34CD2C26B98400020FF8 /* XCRemoteSwiftPackageReference "KakaoMapsSDK-SPM" */;
			productName = "KakaoMapsSDK-SPM";
		};
/* End XCSwiftPackageProductDependency section */
	};
	rootObject = 09EC34922C26B3C400020FF8 /* Project object */;
}
